
Microsoft Visual Studio Solution File, Format Version 12.00
# Visual Studio Version 18
VisualStudioVersion = 18.0.11205.157 d18.0
MinimumVisualStudioVersion = 10.0.40219.1
Project("{9A19103F-16F7-4668-BE54-9A1E7A4F7556}") = "Analogy.LogViewer.Intuitive", "Analogy.LogViewer.Intuitive\Analogy.LogViewer.Intuitive.csproj", "{B3355EDD-EBF8-4AE4-97AC-09F3BF240C92}"
EndProject
Project("{FAE04EC0-301F-11D3-BF4B-00C04F79EFBC}") = "Analogy.LogViewer.Intuitive.Tests", "Analogy.LogViewer.Intuitive.Tests\Analogy.LogViewer.Intuitive.Tests.csproj", "{6405298E-7443-5896-D323-B562EC47C75F}"
EndProject
Project("{2150E333-8FDC-42A3-9474-1A3956D46DE8}") = "Solution Items", "Solution Items", "{28A05E91-9D95-420E-BBDC-F3C4DDF07AA3}"
	ProjectSection(SolutionItems) = preProject
		Directory.Build.props = Directory.Build.props
		.github\workflows\dotnet-core-desktop.yml = .github\workflows\dotnet-core-desktop.yml
		nuget.config = nuget.config
	EndProjectSection
EndProject
Global
	GlobalSection(SolutionConfigurationPlatforms) = preSolution
		Debug|Any CPU = Debug|Any CPU
		Release|Any CPU = Release|Any CPU
	EndGlobalSection
	GlobalSection(ProjectConfigurationPlatforms) = postSolution
		{B3355EDD-EBF8-4AE4-97AC-09F3BF240C92}.Debug|Any CPU.ActiveCfg = Debug|Any CPU
		{B3355EDD-EBF8-4AE4-97AC-09F3BF240C92}.Debug|Any CPU.Build.0 = Debug|Any CPU
		{B3355EDD-EBF8-4AE4-97AC-09F3BF240C92}.Release|Any CPU.ActiveCfg = Release|Any CPU
		{B3355EDD-EBF8-4AE4-97AC-09F3BF240C92}.Release|Any CPU.Build.0 = Release|Any CPU
		{6405298E-7443-5896-D323-B562EC47C75F}.Debug|Any CPU.ActiveCfg = Debug|Any CPU
		{6405298E-7443-5896-D323-B562EC47C75F}.Debug|Any CPU.Build.0 = Debug|Any CPU
		{6405298E-7443-5896-D323-B562EC47C75F}.Release|Any CPU.ActiveCfg = Release|Any CPU
		{6405298E-7443-5896-D323-B562EC47C75F}.Release|Any CPU.Build.0 = Release|Any CPU
	EndGlobalSection
	GlobalSection(SolutionProperties) = preSolution
		HideSolutionNode = FALSE
	EndGlobalSection
	GlobalSection(ExtensibilityGlobals) = postSolution
		SolutionGuid = {EB836CFD-A7FF-4662-9112-92F28D7CBE58}
	EndGlobalSection
EndGlobal
